
Microsoft Visual Studio Solution File, Format Version 12.00
# Visual Studio 15
VisualStudioVersion = 15.0.28307.757
MinimumVisualStudioVersion = 10.0.40219.1
Project("{FAE04EC0-301F-11D3-BF4B-00C04F79EFBC}") = "CineastBenchmark", "CineastBenchmark\CineastBenchmark.csproj", "{12258F8E-4524-455E-AF6D-B8E4F486B8BA}"
EndProject
Global
	GlobalSection(SolutionConfigurationPlatforms) = preSolution
		Debug|Any CPU = Debug|Any CPU
		Release|Any CPU = Release|Any CPU
	EndGlobalSection
	GlobalSection(ProjectConfigurationPlatforms) = postSolution
		{12258F8E-4524-455E-AF6D-B8E4F486B8BA}.Debug|Any CPU.ActiveCfg = Debug|Any CPU
		{12258F8E-4524-455E-AF6D-B8E4F486B8BA}.Debug|Any CPU.Build.0 = Debug|Any CPU
		{12258F8E-4524-455E-AF6D-B8E4F486B8BA}.Release|Any CPU.ActiveCfg = Release|Any CPU
		{12258F8E-4524-455E-AF6D-B8E4F486B8BA}.Release|Any CPU.Build.0 = Release|Any CPU
	EndGlobalSection
	GlobalSection(SolutionProperties) = preSolution
		HideSolutionNode = FALSE
	EndGlobalSection
	GlobalSection(ExtensibilityGlobals) = postSolution
		SolutionGuid = {4EFB1B10-5C32-498D-A087-60BD9B583EAA}
	EndGlobalSection
EndGlobal
